
Microsoft Visual Studio Solution File, Format Version 12.00
# Visual Studio 15
VisualStudioVersion = 15.0.28307.705
MinimumVisualStudioVersion = 10.0.40219.1
Project("{FAE04EC0-301F-11D3-BF4B-00C04F79EFBC}") = "FilmManangemenSystemWPF", "FilmManangemenSystemWPF\FilmManangemenSystemWPF.csproj", "{0B13D73C-7B24-4E14-8A3D-290C7EA58905}"
EndProject
Project("{FAE04EC0-301F-11D3-BF4B-00C04F79EFBC}") = "EntityClass", "Entity\EntityClass.csproj", "{A2C3CEB1-ADBF-4320-BD05-3A30E1B2743B}"
EndProject
Project("{FAE04EC0-301F-11D3-BF4B-00C04F79EFBC}") = "ExceptionClass", "ExceptionFilm\ExceptionClass.csproj", "{42BB4379-6E9E-4735-AA71-6FC026D3A5F2}"
EndProject
Project("{FAE04EC0-301F-11D3-BF4B-00C04F79EFBC}") = "FilmBusinessLayer", "FilmBusinessLayer\FilmBusinessLayer.csproj", "{79F62EFF-25A8-4652-9649-80E39CEA5994}"
EndProject
Project("{FAE04EC0-301F-11D3-BF4B-00C04F79EFBC}") = "FilmDataAccessLayer", "FilmDataAccessLayer\FilmDataAccessLayer.csproj", "{410FB287-ED66-47D6-B514-83BA955FC7CA}"
EndProject
Global
	GlobalSection(SolutionConfigurationPlatforms) = preSolution
		Debug|Any CPU = Debug|Any CPU
		Release|Any CPU = Release|Any CPU
	EndGlobalSection
	GlobalSection(ProjectConfigurationPlatforms) = postSolution
		{0B13D73C-7B24-4E14-8A3D-290C7EA58905}.Debug|Any CPU.ActiveCfg = Debug|Any CPU
		{0B13D73C-7B24-4E14-8A3D-290C7EA58905}.Debug|Any CPU.Build.0 = Debug|Any CPU
		{0B13D73C-7B24-4E14-8A3D-290C7EA58905}.Release|Any CPU.ActiveCfg = Release|Any CPU
		{0B13D73C-7B24-4E14-8A3D-290C7EA58905}.Release|Any CPU.Build.0 = Release|Any CPU
		{A2C3CEB1-ADBF-4320-BD05-3A30E1B2743B}.Debug|Any CPU.ActiveCfg = Debug|Any CPU
		{A2C3CEB1-ADBF-4320-BD05-3A30E1B2743B}.Debug|Any CPU.Build.0 = Debug|Any CPU
		{A2C3CEB1-ADBF-4320-BD05-3A30E1B2743B}.Release|Any CPU.ActiveCfg = Release|Any CPU
		{A2C3CEB1-ADBF-4320-BD05-3A30E1B2743B}.Release|Any CPU.Build.0 = Release|Any CPU
		{42BB4379-6E9E-4735-AA71-6FC026D3A5F2}.Debug|Any CPU.ActiveCfg = Debug|Any CPU
		{42BB4379-6E9E-4735-AA71-6FC026D3A5F2}.Debug|Any CPU.Build.0 = Debug|Any CPU
		{42BB4379-6E9E-4735-AA71-6FC026D3A5F2}.Release|Any CPU.ActiveCfg = Release|Any CPU
		{42BB4379-6E9E-4735-AA71-6FC026D3A5F2}.Release|Any CPU.Build.0 = Release|Any CPU
		{79F62EFF-25A8-4652-9649-80E39CEA5994}.Debug|Any CPU.ActiveCfg = Debug|Any CPU
		{79F62EFF-25A8-4652-9649-80E39CEA5994}.Debug|Any CPU.Build.0 = Debug|Any CPU
		{79F62EFF-25A8-4652-9649-80E39CEA5994}.Release|Any CPU.ActiveCfg = Release|Any CPU
		{79F62EFF-25A8-4652-9649-80E39CEA5994}.Release|Any CPU.Build.0 = Release|Any CPU
		{410FB287-ED66-47D6-B514-83BA955FC7CA}.Debug|Any CPU.ActiveCfg = Debug|Any CPU
		{410FB287-ED66-47D6-B514-83BA955FC7CA}.Debug|Any CPU.Build.0 = Debug|Any CPU
		{410FB287-ED66-47D6-B514-83BA955FC7CA}.Release|Any CPU.ActiveCfg = Release|Any CPU
		{410FB287-ED66-47D6-B514-83BA955FC7CA}.Release|Any CPU.Build.0 = Release|Any CPU
	EndGlobalSection
	GlobalSection(SolutionProperties) = preSolution
		HideSolutionNode = FALSE
	EndGlobalSection
	GlobalSection(ExtensibilityGlobals) = postSolution
		SolutionGuid = {D0A105E0-C869-45E6-A172-BBFAD0FDA599}
	EndGlobalSection
EndGlobal
